PODS:
  - Alamofire (4.7.3)
  - Kanna (4.0.0)
  - SnapKit (4.0.0)
  - Straycat (0.1.0):
    - Alamofire (~> 4.5)
    - Kanna (~> 4.0.0)
    - SwiftSoup (~> 1.6.3)
  - SwiftSoup (1.6.5)

DEPENDENCIES:
  - Alamofire (~> 4.5)
  - SnapKit
  - Straycat (from `https://github.com/Sepicat/Straycat.git`)

SPEC REPOS:
  https://github.com/cocoapods/specs.git:
    - Alamofire
    - Kanna
    - SnapKit
    - SwiftSoup

EXTERNAL SOURCES:
  Straycat:
    :git: https://github.com/Sepicat/Straycat.git

CHECKOUT OPTIONS:
  Straycat:
    :commit: 5452f78e03d9c60bf8d9bb0cb424a3ce044763f9
    :git: https://github.com/Sepicat/Straycat.git

SPEC CHECKSUMS:
  Alamofire: c7287b6e5d7da964a70935e5db17046b7fde6568
  Kanna: d5ae2a26472f7e7a474e7f36a9cd8aa2c8c63ad3
  SnapKit: a42d492c16e80209130a3379f73596c3454b7694
  Straycat: 22f30478edaf786bd30f1e38ab7e1be141daba00
  SwiftSoup: f62a354a0b1273287fb27464b4a0b33bac319390

PODFILE CHECKSUM: a67e5f686bcf571083070ee6f10d8bf45ec405cd

COCOAPODS: 1.5.3
